
Microsoft Visual Studio Solution File, Format Version 12.00
# Visual Studio Version 16
VisualStudioVersion = 16.0.28917.181
MinimumVisualStudioVersion = 10.0.40219.1
Project("{9A19103F-16F7-4668-BE54-9A1E7A4F7556}") = "Bookshelf", "Bookshelf\Bookshelf.csproj", "{4D6D18E1-FF11-4E49-8696-3398C5BF005F}"
EndProject
Project("{2150E333-8FDC-42A3-9474-1A3956D46DE8}") = "solution items", "solution items", "{663750E5-A4C7-426F-9DB0-7AA590B76AF7}"
	ProjectSection(SolutionItems) = preProject
		.gitignore = .gitignore
		LICENSE = LICENSE
		README.md = README.md
	EndProjectSection
EndProject
Project("{FAE04EC0-301F-11D3-BF4B-00C04F79EFBC}") = "Bookshelf.UnitTests", "Bookshelf.UnitTests\Bookshelf.UnitTests.csproj", "{008DDFB9-E17E-41A2-9EE5-516C33C9A44C}"
EndProject
Global
	GlobalSection(SolutionConfigurationPlatforms) = preSolution
		Debug|Any CPU = Debug|Any CPU
		Release|Any CPU = Release|Any CPU
	EndGlobalSection
	GlobalSection(ProjectConfigurationPlatforms) = postSolution
		{4D6D18E1-FF11-4E49-8696-3398C5BF005F}.Debug|Any CPU.ActiveCfg = Debug|Any CPU
		{4D6D18E1-FF11-4E49-8696-3398C5BF005F}.Debug|Any CPU.Build.0 = Debug|Any CPU
		{4D6D18E1-FF11-4E49-8696-3398C5BF005F}.Release|Any CPU.ActiveCfg = Release|Any CPU
		{4D6D18E1-FF11-4E49-8696-3398C5BF005F}.Release|Any CPU.Build.0 = Release|Any CPU
		{008DDFB9-E17E-41A2-9EE5-516C33C9A44C}.Debug|Any CPU.ActiveCfg = Debug|Any CPU
		{008DDFB9-E17E-41A2-9EE5-516C33C9A44C}.Debug|Any CPU.Build.0 = Debug|Any CPU
		{008DDFB9-E17E-41A2-9EE5-516C33C9A44C}.Release|Any CPU.ActiveCfg = Release|Any CPU
		{008DDFB9-E17E-41A2-9EE5-516C33C9A44C}.Release|Any CPU.Build.0 = Release|Any CPU
	EndGlobalSection
	GlobalSection(SolutionProperties) = preSolution
		HideSolutionNode = FALSE
	EndGlobalSection
	GlobalSection(ExtensibilityGlobals) = postSolution
		SolutionGuid = {00278987-DAF9-455D-B5B5-84B17A1B6070}
	EndGlobalSection
EndGlobal
